
Microsoft Visual Studio Solution File, Format Version 12.00
# Visual Studio Version 17
VisualStudioVersion = 17.11.35327.3
MinimumVisualStudioVersion = 10.0.40219.1
Project("{8BC9CEB8-8B4A-11D0-8D11-00A0C91BC942}") = "ASMModule", "ASMModule\ASMModule.vcxproj", "{73355AE0-78C4-462C-9A40-52D0EEA590B5}"
EndProject
Global
	GlobalSection(SolutionConfigurationPlatforms) = preSolution
		Debug|x64 = Debug|x64
		Debug|x86 = Debug|x86
		Release|x64 = Release|x64
		Release|x86 = Release|x86
	EndGlobalSection
	GlobalSection(ProjectConfigurationPlatforms) = postSolution
		{73355AE0-78C4-462C-9A40-52D0EEA590B5}.Debug|x64.ActiveCfg = Debug|x64
		{73355AE0-78C4-462C-9A40-52D0EEA590B5}.Debug|x64.Build.0 = Debug|x64
		{73355AE0-78C4-462C-9A40-52D0EEA590B5}.Debug|x86.ActiveCfg = Debug|Win32
		{73355AE0-78C4-462C-9A40-52D0EEA590B5}.Debug|x86.Build.0 = Debug|Win32
		{73355AE0-78C4-462C-9A40-52D0EEA590B5}.Release|x64.ActiveCfg = Release|x64
		{73355AE0-78C4-462C-9A40-52D0EEA590B5}.Release|x64.Build.0 = Release|x64
		{73355AE0-78C4-462C-9A40-52D0EEA590B5}.Release|x86.ActiveCfg = Release|Win32
		{73355AE0-78C4-462C-9A40-52D0EEA590B5}.Release|x86.Build.0 = Release|Win32
	EndGlobalSection
	GlobalSection(SolutionProperties) = preSolution
		HideSolutionNode = FALSE
	EndGlobalSection
	GlobalSection(ExtensibilityGlobals) = postSolution
		SolutionGuid = {D2CE3E16-F679-4D9F-8B39-1CC2AED5B2B4}
	EndGlobalSection
EndGlobal
